// !$*UTF8*$!
{
	archiveVersion = 1;
	classes = {
	};
	objectVersion = 46;
	objects = {

/* Begin PBXBuildFile section */
		00E356F31AD99517003FC87E /* tenancytrackerTests.m in Sources */ = {isa = PBXBuildFile; fileRef = 00E356F21AD99517003FC87E /* tenancytrackerTests.m */; };
		13B07FBC1A68108700A75B9A /* AppDelegate.m in Sources */ = {isa = PBXBuildFile; fileRef = 13B07FB01A68108700A75B9A /* AppDelegate.m */; };
		13B07FBD1A68108700A75B9A /* LaunchScreen.xib in Resources */ = {isa = PBXBuildFile; fileRef = 13B07FB11A68108700A75B9A /* LaunchScreen.xib */; };
		13B07FBF1A68108700A75B9A /* Images.xcassets in Resources */ = {isa = PBXBuildFile; fileRef = 13B07FB51A68108700A75B9A /* Images.xcassets */; };
		13B07FC11A68108700A75B9A /* main.m in Sources */ = {isa = PBXBuildFile; fileRef = 13B07FB71A68108700A75B9A /* main.m */; };
		1DF41BD220E653B200CE69E4 /* GoogleService-Info.plist in Resources */ = {isa = PBXBuildFile; fileRef = 1DF41BA020E653B200CE69E4 /* GoogleService-Info.plist */; };
		22047DC325D4940C001D2FB6 /* main.jsbundle in Resources */ = {isa = PBXBuildFile; fileRef = 008F07F21AC5B25A0029DE68 /* main.jsbundle */; };
		2250584825C8B0C800451990 /* File.swift in Sources */ = {isa = PBXBuildFile; fileRef = 2250584725C8B0C800451990 /* File.swift */; };
		22957A3825CB2B0100FDF30D /* RNVideoPlayer.swift in Sources */ = {isa = PBXBuildFile; fileRef = 22957A3125CB2B0100FDF30D /* RNVideoPlayer.swift */; };
		22957A3925CB2B0100FDF30D /* RNVideoProcessingManager.swift in Sources */ = {isa = PBXBuildFile; fileRef = 22957A3325CB2B0100FDF30D /* RNVideoProcessingManager.swift */; };
		22957A3A25CB2B0100FDF30D /* RNVideoProcessingBridge.m in Sources */ = {isa = PBXBuildFile; fileRef = 22957A3525CB2B0100FDF30D /* RNVideoProcessingBridge.m */; };
		22957A3B25CB2B0100FDF30D /* VideoProcessingGPUFilters.swift in Sources */ = {isa = PBXBuildFile; fileRef = 22957A3625CB2B0100FDF30D /* VideoProcessingGPUFilters.swift */; };
		22957A4425CB2B5700FDF30D /* RNVideoTrimmerBridge.m in Sources */ = {isa = PBXBuildFile; fileRef = 22957A3F25CB2B5600FDF30D /* RNVideoTrimmerBridge.m */; };
		22957A4525CB2B5700FDF30D /* SDAVAssetExportSession.m in Sources */ = {isa = PBXBuildFile; fileRef = 22957A4025CB2B5700FDF30D /* SDAVAssetExportSession.m */; };
		22957A4625CB2B5700FDF30D /* RNVideoTrimmer.swift in Sources */ = {isa = PBXBuildFile; fileRef = 22957A4125CB2B5700FDF30D /* RNVideoTrimmer.swift */; };
		22957A4725CB2B5700FDF30D /* AVUtilities.swift in Sources */ = {isa = PBXBuildFile; fileRef = 22957A4325CB2B5700FDF30D /* AVUtilities.swift */; };
		22957A4F25CB2B7200FDF30D /* RNTrimmerViewBridge.m in Sources */ = {isa = PBXBuildFile; fileRef = 22957A4A25CB2B7100FDF30D /* RNTrimmerViewBridge.m */; };
		22957A5025CB2B7200FDF30D /* RNTrimmerViewManager.swift in Sources */ = {isa = PBXBuildFile; fileRef = 22957A4B25CB2B7100FDF30D /* RNTrimmerViewManager.swift */; };
		22957A5125CB2B7200FDF30D /* RNTrimmerView.swift in Sources */ = {isa = PBXBuildFile; fileRef = 22957A4E25CB2B7200FDF30D /* RNTrimmerView.swift */; };
		22957A5B25CB2B8700FDF30D /* ICGVideoTrimmerView.m in Sources */ = {isa = PBXBuildFile; fileRef = 22957A5425CB2B8500FDF30D /* ICGVideoTrimmerView.m */; };
		22957A5C25CB2B8700FDF30D /* ICGRulerView.m in Sources */ = {isa = PBXBuildFile; fileRef = 22957A5925CB2B8700FDF30D /* ICGRulerView.m */; };
		22957A5D25CB2B8700FDF30D /* ICGThumbView.m in Sources */ = {isa = PBXBuildFile; fileRef = 22957A5A25CB2B8700FDF30D /* ICGThumbView.m */; };
		22957A6D25CB2BF500FDF30D /* AVFoundation.framework in Frameworks */ = {isa = PBXBuildFile; fileRef = 66CDC2B320EE550E00901A28 /* AVFoundation.framework */; };
		22957A6E25CB2BFD00FDF30D /* CoreMedia.framework in Frameworks */ = {isa = PBXBuildFile; fileRef = 66CDC2AF20EE550D00901A28 /* CoreMedia.framework */; };
		22957A6F25CB2C7E00FDF30D /* CoreVideo.framework in Frameworks */ = {isa = PBXBuildFile; fileRef = 66CDC2B020EE550E00901A28 /* CoreVideo.framework */; };
		22957A7025CB2C8900FDF30D /* OpenGLES.framework in Frameworks */ = {isa = PBXBuildFile; fileRef = 66CDC2AE20EE550D00901A28 /* OpenGLES.framework */; };
		22957A7125CB2C9000FDF30D /* QuartzCore.framework in Frameworks */ = {isa = PBXBuildFile; fileRef = 66CDC2B120EE550E00901A28 /* QuartzCore.framework */; };
		22957A7225CB2C9700FDF30D /* MobileCoreServices.framework in Frameworks */ = {isa = PBXBuildFile; fileRef = 66CDC2B220EE550E00901A28 /* MobileCoreServices.framework */; };
		22957A7325CB2C9D00FDF30D /* GPUImage.framework in Frameworks */ = {isa = PBXBuildFile; fileRef = 22957A6825CB2BB700FDF30D /* GPUImage.framework */; };
		22957A7425CB2C9D00FDF30D /* GPUImage.framework in Embed Frameworks */ = {isa = PBXBuildFile; fileRef = 22957A6825CB2BB700FDF30D /* GPUImage.framework */; settings = {ATTRIBUTES = (CodeSignOnCopy, RemoveHeadersOnCopy, ); }; };
		67273C057BCF99FF92BEEE85 /* libPods-tenancytracker.a in Frameworks */ = {isa = PBXBuildFile; fileRef = B5E9E914831E279E48F7D07A /* libPods-tenancytracker.a */; };
		C1A841E8CBE37BA3D5899921 /* libPods-tenancytracker-tenancytrackerTests.a in Frameworks */ = {isa = PBXBuildFile; fileRef = A198CE16B52ADA7C3465391A /* libPods-tenancytracker-tenancytrackerTests.a */; };
/* End PBXBuildFile section */

/* Begin PBXContainerItemProxy section */
		00E356F41AD99517003FC87E /* PBXContainerItemProxy */ = {
			isa = PBXContainerItemProxy;
			containerPortal = 83CBB9F71A601CBA00E9B192 /* Project object */;
			proxyType = 1;
			remoteGlobalIDString = 13B07F861A680F5B00A75B9A;
			remoteInfo = tenancytracker;
		};
		22957A6525CB2BB700FDF30D /* PBXContainerItemProxy */ = {
			isa = PBXContainerItemProxy;
			containerPortal = 22957A5F25CB2BB600FDF30D /* GPUImage.xcodeproj */;
			proxyType = 2;
			remoteGlobalIDString = BCF1A33414DDB1EC00852800;
			remoteInfo = GPUImage;
		};
		22957A6725CB2BB700FDF30D /* PBXContainerItemProxy */ = {
			isa = PBXContainerItemProxy;
			containerPortal = 22957A5F25CB2BB600FDF30D /* GPUImage.xcodeproj */;
			proxyType = 2;
			remoteGlobalIDString = BCE209E51943F20C002FEED8;
			remoteInfo = GPUImageFramework;
		};
/* End PBXContainerItemProxy section */

/* Begin PBXCopyFilesBuildPhase section */
		66CDC2BE20EE555D00901A28 /* Embed Frameworks */ = {
			isa = PBXCopyFilesBuildPhase;
			buildActionMask = 2147483647;
			dstPath = "";
			dstSubfolderSpec = 10;
			files = (
				22957A7425CB2C9D00FDF30D /* GPUImage.framework in Embed Frameworks */,
			);
			name = "Embed Frameworks";
			runOnlyForDeploymentPostprocessing = 0;
		};
/* End PBXCopyFilesBuildPhase section */

/* Begin PBXFileReference section */
		008F07F21AC5B25A0029DE68 /* main.jsbundle */ = {isa = PBXFileReference; fileEncoding = 4; lastKnownFileType = text; path = main.jsbundle; sourceTree = "<group>"; };
		00E356EE1AD99517003FC87E /* tenancytrackerTests.xctest */ = {isa = PBXFileReference; explicitFileType = wrapper.cfbundle; includeInIndex = 0; path = tenancytrackerTests.xctest; sourceTree = BUILT_PRODUCTS_DIR; };
		00E356F11AD99517003FC87E /* Info.plist */ = {isa = PBXFileReference; lastKnownFileType = text.plist.xml; path = Info.plist; sourceTree = "<group>"; };
		00E356F21AD99517003FC87E /* tenancytrackerTests.m */ = {isa = PBXFileReference; lastKnownFileType = sourcecode.c.objc; path = tenancytrackerTests.m; sourceTree = "<group>"; };
		13B07F961A680F5B00A75B9A /* tenancytracker.app */ = {isa = PBXFileReference; explicitFileType = wrapper.application; includeInIndex = 0; path = tenancytracker.app; sourceTree = BUILT_PRODUCTS_DIR; };
		13B07FAF1A68108700A75B9A /* AppDelegate.h */ = {isa = PBXFileReference; fileEncoding = 4; lastKnownFileType = sourcecode.c.h; name = AppDelegate.h; path = tenancytracker/AppDelegate.h; sourceTree = "<group>"; };
		13B07FB01A68108700A75B9A /* AppDelegate.m */ = {isa = PBXFileReference; fileEncoding = 4; lastKnownFileType = sourcecode.c.objc; name = AppDelegate.m; path = tenancytracker/AppDelegate.m; sourceTree = "<group>"; };
		13B07FB21A68108700A75B9A /* Base */ = {isa = PBXFileReference; lastKnownFileType = file.xib; name = Base; path = Base.lproj/LaunchScreen.xib; sourceTree = "<group>"; };
		13B07FB51A68108700A75B9A /* Images.xcassets */ = {isa = PBXFileReference; lastKnownFileType = folder.assetcatalog; name = Images.xcassets; path = tenancytracker/Images.xcassets; sourceTree = "<group>"; };
		13B07FB61A68108700A75B9A /* Info.plist */ = {isa = PBXFileReference; fileEncoding = 4; lastKnownFileType = text.plist.xml; name = Info.plist; path = tenancytracker/Info.plist; sourceTree = "<group>"; };
		13B07FB71A68108700A75B9A /* main.m */ = {isa = PBXFileReference; fileEncoding = 4; lastKnownFileType = sourcecode.c.objc; name = main.m; path = tenancytracker/main.m; sourceTree = "<group>"; };
		15CF56BF2091E12300674B1F /* tenancytracker.entitlements */ = {isa = PBXFileReference; lastKnownFileType = text.plist.entitlements; name = tenancytracker.entitlements; path = tenancytracker/tenancytracker.entitlements; sourceTree = "<group>"; };
		196C44B912AF8BACCF3C17ED /* Pods-tenancytrackerTests.release.xcconfig */ = {isa = PBXFileReference; includeInIndex = 1; lastKnownFileType = text.xcconfig; name = "Pods-tenancytrackerTests.release.xcconfig"; path = "Target Support Files/Pods-tenancytrackerTests/Pods-tenancytrackerTests.release.xcconfig"; sourceTree = "<group>"; };
		1DF41BA020E653B200CE69E4 /* GoogleService-Info.plist */ = {isa = PBXFileReference; fileEncoding = 4; lastKnownFileType = text.plist.xml; path = "GoogleService-Info.plist"; sourceTree = "<group>"; };
		2250584725C8B0C800451990 /* File.swift */ = {isa = PBXFileReference; lastKnownFileType = sourcecode.swift; path = File.swift; sourceTree = "<group>"; };
		229574DE25CA34FC00FDF30D /* libRNCPushNotificationIOS.a */ = {isa = PBXFileReference; explicitFileType = archive.ar; path = libRNCPushNotificationIOS.a; sourceTree = BUILT_PRODUCTS_DIR; };
		2295756F25CA3A4400FDF30D /* libRNCPushNotificationIOS.a */ = {isa = PBXFileReference; explicitFileType = archive.ar; path = libRNCPushNotificationIOS.a; sourceTree = BUILT_PRODUCTS_DIR; };
		229576E025CA4C3700FDF30D /* libRNCPushNotificationIOS.a */ = {isa = PBXFileReference; explicitFileType = archive.ar; path = libRNCPushNotificationIOS.a; sourceTree = BUILT_PRODUCTS_DIR; };
		2295784325CAB56100FDF30D /* libReact-RCTPushNotification.a */ = {isa = PBXFileReference; explicitFileType = archive.ar; path = "libReact-RCTPushNotification.a"; sourceTree = BUILT_PRODUCTS_DIR; };
		22957A3125CB2B0100FDF30D /* RNVideoPlayer.swift */ = {isa = PBXFileReference; fileEncoding = 4; lastKnownFileType = sourcecode.swift; name = RNVideoPlayer.swift; path = "../../node_modules/react-native-video-processing/ios/RNVideoProcessing/RNVideoPlayer.swift"; sourceTree = "<group>"; };
		22957A3225CB2B0100FDF30D /* RNVideoProcessing-Bridging-Header.h */ = {isa = PBXFileReference; fileEncoding = 4; lastKnownFileType = sourcecode.c.h; name = "RNVideoProcessing-Bridging-Header.h"; path = "../../node_modules/react-native-video-processing/ios/RNVideoProcessing/RNVideoProcessing-Bridging-Header.h"; sourceTree = "<group>"; };
		22957A3325CB2B0100FDF30D /* RNVideoProcessingManager.swift */ = {isa = PBXFileReference; fileEncoding = 4; lastKnownFileType = sourcecode.swift; name = RNVideoProcessingManager.swift; path = "../../node_modules/react-native-video-processing/ios/RNVideoProcessing/RNVideoProcessingManager.swift"; sourceTree = "<group>"; };
		22957A3425CB2B0100FDF30D /* RNVideoProcessing.h */ = {isa = PBXFileReference; fileEncoding = 4; lastKnownFileType = sourcecode.c.h; name = RNVideoProcessing.h; path = "../../node_modules/react-native-video-processing/ios/RNVideoProcessing/RNVideoProcessing.h"; sourceTree = "<group>"; };
		22957A3525CB2B0100FDF30D /* RNVideoProcessingBridge.m */ = {isa = PBXFileReference; fileEncoding = 4; lastKnownFileType = sourcecode.c.objc; name = RNVideoProcessingBridge.m; path = "../../node_modules/react-native-video-processing/ios/RNVideoProcessing/RNVideoProcessingBridge.m"; sourceTree = "<group>"; };
		22957A3625CB2B0100FDF30D /* VideoProcessingGPUFilters.swift */ = {isa = PBXFileReference; fileEncoding = 4; lastKnownFileType = sourcecode.swift; name = VideoProcessingGPUFilters.swift; path = "../../node_modules/react-native-video-processing/ios/RNVideoProcessing/VideoProcessingGPUFilters.swift"; sourceTree = "<group>"; };
		22957A3725CB2B0100FDF30D /* RCTSwiftBridgeModule.h */ = {isa = PBXFileReference; fileEncoding = 4; lastKnownFileType = sourcecode.c.h; name = RCTSwiftBridgeModule.h; path = "../../node_modules/react-native-video-processing/ios/RNVideoProcessing/RCTSwiftBridgeModule.h"; sourceTree = "<group>"; };
		22957A3E25CB2B5600FDF30D /* SDAVAssetExportSession.h */ = {isa = PBXFileReference; fileEncoding = 4; lastKnownFileType = sourcecode.c.h; name = SDAVAssetExportSession.h; path = "../../../node_modules/react-native-video-processing/ios/RNVideoProcessing/RNVideoTrimmer/SDAVAssetExportSession.h"; sourceTree = "<group>"; };
		22957A3F25CB2B5600FDF30D /* RNVideoTrimmerBridge.m */ = {isa = PBXFileReference; fileEncoding = 4; lastKnownFileType = sourcecode.c.objc; name = RNVideoTrimmerBridge.m; path = "../../../node_modules/react-native-video-processing/ios/RNVideoProcessing/RNVideoTrimmer/RNVideoTrimmerBridge.m"; sourceTree = "<group>"; };
		22957A4025CB2B5700FDF30D /* SDAVAssetExportSession.m */ = {isa = PBXFileReference; fileEncoding = 4; lastKnownFileType = sourcecode.c.objc; name = SDAVAssetExportSession.m; path = "../../../node_modules/react-native-video-processing/ios/RNVideoProcessing/RNVideoTrimmer/SDAVAssetExportSession.m"; sourceTree = "<group>"; };
		22957A4125CB2B5700FDF30D /* RNVideoTrimmer.swift */ = {isa = PBXFileReference; fileEncoding = 4; lastKnownFileType = sourcecode.swift; name = RNVideoTrimmer.swift; path = "../../../node_modules/react-native-video-processing/ios/RNVideoProcessing/RNVideoTrimmer/RNVideoTrimmer.swift"; sourceTree = "<group>"; };
		22957A4225CB2B5700FDF30D /* RNVideoTrimmer-Bridging-Header.h */ = {isa = PBXFileReference; fileEncoding = 4; lastKnownFileType = sourcecode.c.h; name = "RNVideoTrimmer-Bridging-Header.h"; path = "../../../node_modules/react-native-video-processing/ios/RNVideoProcessing/RNVideoTrimmer/RNVideoTrimmer-Bridging-Header.h"; sourceTree = "<group>"; };
		22957A4325CB2B5700FDF30D /* AVUtilities.swift */ = {isa = PBXFileReference; fileEncoding = 4; lastKnownFileType = sourcecode.swift; name = AVUtilities.swift; path = "../../../node_modules/react-native-video-processing/ios/RNVideoProcessing/RNVideoTrimmer/AVUtilities.swift"; sourceTree = "<group>"; };
		22957A4A25CB2B7100FDF30D /* RNTrimmerViewBridge.m */ = {isa = PBXFileReference; fileEncoding = 4; lastKnownFileType = sourcecode.c.objc; name = RNTrimmerViewBridge.m; path = "../../../node_modules/react-native-video-processing/ios/RNVideoProcessing/RNTrimmerView/RNTrimmerViewBridge.m"; sourceTree = "<group>"; };
		22957A4B25CB2B7100FDF30D /* RNTrimmerViewManager.swift */ = {isa = PBXFileReference; fileEncoding = 4; lastKnownFileType = sourcecode.swift; name = RNTrimmerViewManager.swift; path = "../../../node_modules/react-native-video-processing/ios/RNVideoProcessing/RNTrimmerView/RNTrimmerViewManager.swift"; sourceTree = "<group>"; };
		22957A4C25CB2B7200FDF30D /* RNTrimmerView.h */ = {isa = PBXFileReference; fileEncoding = 4; lastKnownFileType = sourcecode.c.h; name = RNTrimmerView.h; path = "../../../node_modules/react-native-video-processing/ios/RNVideoProcessing/RNTrimmerView/RNTrimmerView.h"; sourceTree = "<group>"; };
		22957A4D25CB2B7200FDF30D /* RNTrimmerView-Bridging-Header.h */ = {isa = PBXFileReference; fileEncoding = 4; lastKnownFileType = sourcecode.c.h; name = "RNTrimmerView-Bridging-Header.h"; path = "../../../node_modules/react-native-video-processing/ios/RNVideoProcessing/RNTrimmerView/RNTrimmerView-Bridging-Header.h"; sourceTree = "<group>"; };
		22957A4E25CB2B7200FDF30D /* RNTrimmerView.swift */ = {isa = PBXFileReference; fileEncoding = 4; lastKnownFileType = sourcecode.swift; name = RNTrimmerView.swift; path = "../../../node_modules/react-native-video-processing/ios/RNVideoProcessing/RNTrimmerView/RNTrimmerView.swift"; sourceTree = "<group>"; };
		22957A5425CB2B8500FDF30D /* ICGVideoTrimmerView.m */ = {isa = PBXFileReference; fileEncoding = 4; lastKnownFileType = sourcecode.c.objc; name = ICGVideoTrimmerView.m; path = "../../../../node_modules/react-native-video-processing/ios/RNVideoProcessing/RNTrimmerView/ICGVideoTrimmer/ICGVideoTrimmerView.m"; sourceTree = "<group>"; };
		22957A5525CB2B8600FDF30D /* ICGRulerView.h */ = {isa = PBXFileReference; fileEncoding = 4; lastKnownFileType = sourcecode.c.h; name = ICGRulerView.h; path = "../../../../node_modules/react-native-video-processing/ios/RNVideoProcessing/RNTrimmerView/ICGVideoTrimmer/ICGRulerView.h"; sourceTree = "<group>"; };
		22957A5625CB2B8600FDF30D /* ICGVideoTrimmerView.h */ = {isa = PBXFileReference; fileEncoding = 4; lastKnownFileType = sourcecode.c.h; name = ICGVideoTrimmerView.h; path = "../../../../node_modules/react-native-video-processing/ios/RNVideoProcessing/RNTrimmerView/ICGVideoTrimmer/ICGVideoTrimmerView.h"; sourceTree = "<group>"; };
		22957A5725CB2B8600FDF30D /* ICGThumbView.h */ = {isa = PBXFileReference; fileEncoding = 4; lastKnownFileType = sourcecode.c.h; name = ICGThumbView.h; path = "../../../../node_modules/react-native-video-processing/ios/RNVideoProcessing/RNTrimmerView/ICGVideoTrimmer/ICGThumbView.h"; sourceTree = "<group>"; };
		22957A5825CB2B8600FDF30D /* ICGVideoTrimmer.h */ = {isa = PBXFileReference; fileEncoding = 4; lastKnownFileType = sourcecode.c.h; name = ICGVideoTrimmer.h; path = "../../../../node_modules/react-native-video-processing/ios/RNVideoProcessing/RNTrimmerView/ICGVideoTrimmer/ICGVideoTrimmer.h"; sourceTree = "<group>"; };
		22957A5925CB2B8700FDF30D /* ICGRulerView.m */ = {isa = PBXFileReference; fileEncoding = 4; lastKnownFileType = sourcecode.c.objc; name = ICGRulerView.m; path = "../../../../node_modules/react-native-video-processing/ios/RNVideoProcessing/RNTrimmerView/ICGVideoTrimmer/ICGRulerView.m"; sourceTree = "<group>"; };
		22957A5A25CB2B8700FDF30D /* ICGThumbView.m */ = {isa = PBXFileReference; fileEncoding = 4; lastKnownFileType = sourcecode.c.objc; name = ICGThumbView.m; path = "../../../../node_modules/react-native-video-processing/ios/RNVideoProcessing/RNTrimmerView/ICGVideoTrimmer/ICGThumbView.m"; sourceTree = "<group>"; };
		22957A5F25CB2BB600FDF30D /* GPUImage.xcodeproj */ = {isa = PBXFileReference; lastKnownFileType = "wrapper.pb-project"; name = GPUImage.xcodeproj; path = "../node_modules/react-native-video-processing/ios/GPUImage/framework/GPUImage.xcodeproj"; sourceTree = "<group>"; };
		2D16E6891FA4F8E400B85C8A /* libReact.a */ = {isa = PBXFileReference; explicitFileType = archive.ar; path = libReact.a; sourceTree = BUILT_PRODUCTS_DIR; };
		65264BEDFB67EE9DBDC3E939 /* Pods-tenancytracker-tenancytrackerTests.release.xcconfig */ = {isa = PBXFileReference; includeInIndex = 1; lastKnownFileType = text.xcconfig; name = "Pods-tenancytracker-tenancytrackerTests.release.xcconfig"; path = "Target Support Files/Pods-tenancytracker-tenancytrackerTests/Pods-tenancytracker-tenancytrackerTests.release.xcconfig"; sourceTree = "<group>"; };
		66CDC2AE20EE550D00901A28 /* OpenGLES.framework */ = {isa = PBXFileReference; lastKnownFileType = wrapper.framework; name = OpenGLES.framework; path = System/Library/Frameworks/OpenGLES.framework; sourceTree = SDKROOT; };
		66CDC2AF20EE550D00901A28 /* CoreMedia.framework */ = {isa = PBXFileReference; lastKnownFileType = wrapper.framework; name = CoreMedia.framework; path = System/Library/Frameworks/CoreMedia.framework; sourceTree = SDKROOT; };
		66CDC2B020EE550E00901A28 /* CoreVideo.framework */ = {isa = PBXFileReference; lastKnownFileType = wrapper.framework; name = CoreVideo.framework; path = System/Library/Frameworks/CoreVideo.framework; sourceTree = SDKROOT; };
		66CDC2B120EE550E00901A28 /* QuartzCore.framework */ = {isa = PBXFileReference; lastKnownFileType = wrapper.framework; name = QuartzCore.framework; path = System/Library/Frameworks/QuartzCore.framework; sourceTree = SDKROOT; };
		66CDC2B220EE550E00901A28 /* MobileCoreServices.framework */ = {isa = PBXFileReference; lastKnownFileType = wrapper.framework; name = MobileCoreServices.framework; path = System/Library/Frameworks/MobileCoreServices.framework; sourceTree = SDKROOT; };
		66CDC2B320EE550E00901A28 /* AVFoundation.framework */ = {isa = PBXFileReference; lastKnownFileType = wrapper.framework; name = AVFoundation.framework; path = System/Library/Frameworks/AVFoundation.framework; sourceTree = SDKROOT; };
		66CDC2C020EE560F00901A28 /* tenancytracker-Bridging-Header.h */ = {isa = PBXFileReference; fileEncoding = 4; lastKnownFileType = sourcecode.c.h; path = "tenancytracker-Bridging-Header.h"; sourceTree = "<group>"; };
		68E79A0639E3DFBD178C6A69 /* Pods-tenancytracker-tenancytrackerTests.debug.xcconfig */ = {isa = PBXFileReference; includeInIndex = 1; lastKnownFileType = text.xcconfig; name = "Pods-tenancytracker-tenancytrackerTests.debug.xcconfig"; path = "Target Support Files/Pods-tenancytracker-tenancytrackerTests/Pods-tenancytracker-tenancytrackerTests.debug.xcconfig"; sourceTree = "<group>"; };
		A198CE16B52ADA7C3465391A /* libPods-tenancytracker-tenancytrackerTests.a */ = {isa = PBXFileReference; explicitFileType = archive.ar; includeInIndex = 0; path = "libPods-tenancytracker-tenancytrackerTests.a"; sourceTree = BUILT_PRODUCTS_DIR; };
		B5E9E914831E279E48F7D07A /* libPods-tenancytracker.a */ = {isa = PBXFileReference; explicitFileType = archive.ar; includeInIndex = 0; path = "libPods-tenancytracker.a"; sourceTree = BUILT_PRODUCTS_DIR; };
		B961A2D5149319EBCB81E19F /* Pods-tenancytrackerTests.debug.xcconfig */ = {isa = PBXFileReference; includeInIndex = 1; lastKnownFileType = text.xcconfig; name = "Pods-tenancytrackerTests.debug.xcconfig"; path = "Target Support Files/Pods-tenancytrackerTests/Pods-tenancytrackerTests.debug.xcconfig"; sourceTree = "<group>"; };
		E1ABAF8C6C21EDB2E2FBA274 /* Pods-tenancytracker.release.xcconfig */ = {isa = PBXFileReference; includeInIndex = 1; lastKnownFileType = text.xcconfig; name = "Pods-tenancytracker.release.xcconfig"; path = "Target Support Files/Pods-tenancytracker/Pods-tenancytracker.release.xcconfig"; sourceTree = "<group>"; };
		E9091AAF013B4E70BFCD0D37 /* libRNFS.a */ = {isa = PBXFileReference; explicitFileType = undefined; fileEncoding = 9; includeInIndex = 0; lastKnownFileType = archive.ar; path = libRNFS.a; sourceTree = "<group>"; };
		F00592F43870AC06D624322A /* Pods-tenancytracker.debug.xcconfig */ = {isa = PBXFileReference; includeInIndex = 1; lastKnownFileType = text.xcconfig; name = "Pods-tenancytracker.debug.xcconfig"; path = "Target Support Files/Pods-tenancytracker/Pods-tenancytracker.debug.xcconfig"; sourceTree = "<group>"; };
/* End PBXFileReference section */

/* Begin PBXFrameworksBuildPhase section */
		00E356EB1AD99517003FC87E /* Frameworks */ = {
			isa = PBXFrameworksBuildPhase;
			buildActionMask = 2147483647;
			files = (
				C1A841E8CBE37BA3D5899921 /* libPods-tenancytracker-tenancytrackerTests.a in Frameworks */,
			);
			runOnlyForDeploymentPostprocessing = 0;
		};
		13B07F8C1A680F5B00A75B9A /* Frameworks */ = {
			isa = PBXFrameworksBuildPhase;
			buildActionMask = 2147483647;
			files = (
				22957A7025CB2C8900FDF30D /* OpenGLES.framework in Frameworks */,
				22957A7225CB2C9700FDF30D /* MobileCoreServices.framework in Frameworks */,
				22957A6E25CB2BFD00FDF30D /* CoreMedia.framework in Frameworks */,
				22957A7125CB2C9000FDF30D /* QuartzCore.framework in Frameworks */,
				22957A6D25CB2BF500FDF30D /* AVFoundation.framework in Frameworks */,
				22957A7325CB2C9D00FDF30D /* GPUImage.framework in Frameworks */,
				67273C057BCF99FF92BEEE85 /* libPods-tenancytracker.a in Frameworks */,
				22957A6F25CB2C7E00FDF30D /* CoreVideo.framework in Frameworks */,
			);
			runOnlyForDeploymentPostprocessing = 0;
		};
/* End PBXFrameworksBuildPhase section */

/* Begin PBXGroup section */
		00E356EF1AD99517003FC87E /* tenancytrackerTests */ = {
			isa = PBXGroup;
			children = (
				00E356F21AD99517003FC87E /* tenancytrackerTests.m */,
				00E356F01AD99517003FC87E /* Supporting Files */,
			);
			path = tenancytrackerTests;
			sourceTree = "<group>";
		};
		00E356F01AD99517003FC87E /* Supporting Files */ = {
			isa = PBXGroup;
			children = (
				00E356F11AD99517003FC87E /* Info.plist */,
			);
			name = "Supporting Files";
			sourceTree = "<group>";
		};
		13B07FAE1A68108700A75B9A /* tenancytracker */ = {
			isa = PBXGroup;
			children = (
				66CDC2C020EE560F00901A28 /* tenancytracker-Bridging-Header.h */,
				15CF56BF2091E12300674B1F /* tenancytracker.entitlements */,
				008F07F21AC5B25A0029DE68 /* main.jsbundle */,
				2250584725C8B0C800451990 /* File.swift */,
				13B07FAF1A68108700A75B9A /* AppDelegate.h */,
				13B07FB01A68108700A75B9A /* AppDelegate.m */,
				13B07FB51A68108700A75B9A /* Images.xcassets */,
				13B07FB61A68108700A75B9A /* Info.plist */,
				1DF41BA020E653B200CE69E4 /* GoogleService-Info.plist */,
				13B07FB11A68108700A75B9A /* LaunchScreen.xib */,
				13B07FB71A68108700A75B9A /* main.m */,
			);
			name = tenancytracker;
			sourceTree = "<group>";
		};
		15235E182091C53700C2DF83 /* Recovered References */ = {
			isa = PBXGroup;
			children = (
				E9091AAF013B4E70BFCD0D37 /* libRNFS.a */,
			);
			name = "Recovered References";
			sourceTree = "<group>";
		};
		22957A3025CB2ABD00FDF30D /* RNVideoProcessing */ = {
			isa = PBXGroup;
			children = (
				22957A3725CB2B0100FDF30D /* RCTSwiftBridgeModule.h */,
				22957A3125CB2B0100FDF30D /* RNVideoPlayer.swift */,
				22957A3225CB2B0100FDF30D /* RNVideoProcessing-Bridging-Header.h */,
				22957A3425CB2B0100FDF30D /* RNVideoProcessing.h */,
				22957A3525CB2B0100FDF30D /* RNVideoProcessingBridge.m */,
				22957A3325CB2B0100FDF30D /* RNVideoProcessingManager.swift */,
				22957A3625CB2B0100FDF30D /* VideoProcessingGPUFilters.swift */,
				22957A4925CB2B6800FDF30D /* RNTrimmerView */,
				22957A3D25CB2B4C00FDF30D /* RNVideoTrimmer */,
			);
			path = RNVideoProcessing;
			sourceTree = "<group>";
		};
		22957A3D25CB2B4C00FDF30D /* RNVideoTrimmer */ = {
			isa = PBXGroup;
			children = (
				22957A4325CB2B5700FDF30D /* AVUtilities.swift */,
				22957A4225CB2B5700FDF30D /* RNVideoTrimmer-Bridging-Header.h */,
				22957A4125CB2B5700FDF30D /* RNVideoTrimmer.swift */,
				22957A3F25CB2B5600FDF30D /* RNVideoTrimmerBridge.m */,
				22957A3E25CB2B5600FDF30D /* SDAVAssetExportSession.h */,
				22957A4025CB2B5700FDF30D /* SDAVAssetExportSession.m */,
			);
			path = RNVideoTrimmer;
			sourceTree = "<group>";
		};
		22957A4925CB2B6800FDF30D /* RNTrimmerView */ = {
			isa = PBXGroup;
			children = (
				22957A4D25CB2B7200FDF30D /* RNTrimmerView-Bridging-Header.h */,
				22957A4C25CB2B7200FDF30D /* RNTrimmerView.h */,
				22957A4E25CB2B7200FDF30D /* RNTrimmerView.swift */,
				22957A4A25CB2B7100FDF30D /* RNTrimmerViewBridge.m */,
				22957A4B25CB2B7100FDF30D /* RNTrimmerViewManager.swift */,
				22957A5325CB2B7A00FDF30D /* ICGVideoTrimmer */,
			);
			path = RNTrimmerView;
			sourceTree = "<group>";
		};
		22957A5325CB2B7A00FDF30D /* ICGVideoTrimmer */ = {
			isa = PBXGroup;
			children = (
				22957A5525CB2B8600FDF30D /* ICGRulerView.h */,
				22957A5925CB2B8700FDF30D /* ICGRulerView.m */,
				22957A5725CB2B8600FDF30D /* ICGThumbView.h */,
				22957A5A25CB2B8700FDF30D /* ICGThumbView.m */,
				22957A5825CB2B8600FDF30D /* ICGVideoTrimmer.h */,
				22957A5625CB2B8600FDF30D /* ICGVideoTrimmerView.h */,
				22957A5425CB2B8500FDF30D /* ICGVideoTrimmerView.m */,
			);
			path = ICGVideoTrimmer;
			sourceTree = "<group>";
		};
		22957A6025CB2BB600FDF30D /* Products */ = {
			isa = PBXGroup;
			children = (
				22957A6625CB2BB700FDF30D /* libGPUImage.a */,
				22957A6825CB2BB700FDF30D /* GPUImage.framework */,
			);
			name = Products;
			sourceTree = "<group>";
		};
		2D16E6871FA4F8E400B85C8A /* Frameworks */ = {
			isa = PBXGroup;
			children = (
				2295784325CAB56100FDF30D /* libReact-RCTPushNotification.a */,
				229576E025CA4C3700FDF30D /* libRNCPushNotificationIOS.a */,
				2295756F25CA3A4400FDF30D /* libRNCPushNotificationIOS.a */,
				229574DE25CA34FC00FDF30D /* libRNCPushNotificationIOS.a */,
				66CDC2B320EE550E00901A28 /* AVFoundation.framework */,
				66CDC2AF20EE550D00901A28 /* CoreMedia.framework */,
				66CDC2B020EE550E00901A28 /* CoreVideo.framework */,
				66CDC2B220EE550E00901A28 /* MobileCoreServices.framework */,
				66CDC2AE20EE550D00901A28 /* OpenGLES.framework */,
				66CDC2B120EE550E00901A28 /* QuartzCore.framework */,
				2D16E6891FA4F8E400B85C8A /* libReact.a */,
				B5E9E914831E279E48F7D07A /* libPods-tenancytracker.a */,
				A198CE16B52ADA7C3465391A /* libPods-tenancytracker-tenancytrackerTests.a */,
			);
			name = Frameworks;
			sourceTree = "<group>";
		};
		832341AE1AAA6A7D00B99B32 /* Libraries */ = {
			isa = PBXGroup;
			children = (
			);
			name = Libraries;
			sourceTree = "<group>";
		};
		83CBB9F61A601CBA00E9B192 = {
			isa = PBXGroup;
			children = (
				22957A5F25CB2BB600FDF30D /* GPUImage.xcodeproj */,
				22957A3025CB2ABD00FDF30D /* RNVideoProcessing */,
				13B07FAE1A68108700A75B9A /* tenancytracker */,
				832341AE1AAA6A7D00B99B32 /* Libraries */,
				00E356EF1AD99517003FC87E /* tenancytrackerTests */,
				83CBBA001A601CBA00E9B192 /* Products */,
				2D16E6871FA4F8E400B85C8A /* Frameworks */,
				15235E182091C53700C2DF83 /* Recovered References */,
				8953AFC905EBC664C9EBC814 /* Pods */,
			);
			indentWidth = 2;
			sourceTree = "<group>";
			tabWidth = 2;
			usesTabs = 0;
		};
		83CBBA001A601CBA00E9B192 /* Products */ = {
			isa = PBXGroup;
			children = (
				13B07F961A680F5B00A75B9A /* tenancytracker.app */,
				00E356EE1AD99517003FC87E /* tenancytrackerTests.xctest */,
			);
			name = Products;
			sourceTree = "<group>";
		};
		8953AFC905EBC664C9EBC814 /* Pods */ = {
			isa = PBXGroup;
			children = (
				F00592F43870AC06D624322A /* Pods-tenancytracker.debug.xcconfig */,
				E1ABAF8C6C21EDB2E2FBA274 /* Pods-tenancytracker.release.xcconfig */,
				B961A2D5149319EBCB81E19F /* Pods-tenancytrackerTests.debug.xcconfig */,
				196C44B912AF8BACCF3C17ED /* Pods-tenancytrackerTests.release.xcconfig */,
				68E79A0639E3DFBD178C6A69 /* Pods-tenancytracker-tenancytrackerTests.debug.xcconfig */,
				65264BEDFB67EE9DBDC3E939 /* Pods-tenancytracker-tenancytrackerTests.release.xcconfig */,
			);
			path = Pods;
			sourceTree = "<group>";
		};
/* End PBXGroup section */

/* Begin PBXNativeTarget section */
		00E356ED1AD99517003FC87E /* tenancytrackerTests */ = {
			isa = PBXNativeTarget;
			buildConfigurationList = 00E357021AD99517003FC87E /* Build configuration list for PBXNativeTarget "tenancytrackerTests" */;
			buildPhases = (
				D5234D144603B3564179D447 /* [CP] Check Pods Manifest.lock */,
				00E356EA1AD99517003FC87E /* Sources */,
				00E356EB1AD99517003FC87E /* Frameworks */,
				00E356EC1AD99517003FC87E /* Resources */,
				4F473BC08E49C2C8F96E6D81 /* [CP] Copy Pods Resources */,
			);
			buildRules = (
			);
			dependencies = (
				00E356F51AD99517003FC87E /* PBXTargetDependency */,
			);
			name = tenancytrackerTests;
			productName = tenancytrackerTests;
			productReference = 00E356EE1AD99517003FC87E /* tenancytrackerTests.xctest */;
			productType = "com.apple.product-type.bundle.unit-test";
		};
		13B07F861A680F5B00A75B9A /* tenancytracker */ = {
			isa = PBXNativeTarget;
			buildConfigurationList = 13B07F931A680F5B00A75B9A /* Build configuration list for PBXNativeTarget "tenancytracker" */;
			buildPhases = (
				C383A1A752A4DA36E2580B41 /* [CP] Check Pods Manifest.lock */,
				13B07F871A680F5B00A75B9A /* Sources */,
				13B07F8C1A680F5B00A75B9A /* Frameworks */,
				13B07F8E1A680F5B00A75B9A /* Resources */,
				00DD1BFF1BD5951E006B06BC /* Bundle React Native code and images */,
				66CDC2BE20EE555D00901A28 /* Embed Frameworks */,
				6ACBA42E3570FEB756059045 /* [CP] Copy Pods Resources */,
			);
			buildRules = (
			);
			dependencies = (
			);
			name = tenancytracker;
			productName = "Hello World";
			productReference = 13B07F961A680F5B00A75B9A /* tenancytracker.app */;
			productType = "com.apple.product-type.application";
		};
/* End PBXNativeTarget section */

/* Begin PBXProject section */
		83CBB9F71A601CBA00E9B192 /* Project object */ = {
			isa = PBXProject;
			attributes = {
				LastUpgradeCheck = 610;
				ORGANIZATIONNAME = Facebook;
				TargetAttributes = {
					00E356ED1AD99517003FC87E = {
						CreatedOnToolsVersion = 6.2;
						DevelopmentTeam = 464TPJPD6B;
						ProvisioningStyle = Automatic;
						TestTargetID = 13B07F861A680F5B00A75B9A;
					};
					13B07F861A680F5B00A75B9A = {
						LastSwiftMigration = 920;
						ProvisioningStyle = Automatic;
						SystemCapabilities = {
							com.apple.BackgroundModes = {
								enabled = 1;
							};
							com.apple.Push = {
								enabled = 1;
							};
						};
					};
				};
			};
			buildConfigurationList = 83CBB9FA1A601CBA00E9B192 /* Build configuration list for PBXProject "TenancyTracker" */;
			compatibilityVersion = "Xcode 3.2";
			developmentRegion = English;
			hasScannedForEncodings = 0;
			knownRegions = (
				English,
				en,
				Base,
			);
			mainGroup = 83CBB9F61A601CBA00E9B192;
			productRefGroup = 83CBBA001A601CBA00E9B192 /* Products */;
			projectDirPath = "";
			projectReferences = (
				{
					ProductGroup = 22957A6025CB2BB600FDF30D /* Products */;
					ProjectRef = 22957A5F25CB2BB600FDF30D /* GPUImage.xcodeproj */;
				},
			);
			projectRoot = "";
			targets = (
				13B07F861A680F5B00A75B9A /* tenancytracker */,
				00E356ED1AD99517003FC87E /* tenancytrackerTests */,
			);
		};
/* End PBXProject section */

/* Begin PBXReferenceProxy section */
		22957A6625CB2BB700FDF30D /* libGPUImage.a */ = {
			isa = PBXReferenceProxy;
			fileType = archive.ar;
			path = libGPUImage.a;
			remoteRef = 22957A6525CB2BB700FDF30D /* PBXContainerItemProxy */;
			sourceTree = BUILT_PRODUCTS_DIR;
		};
		22957A6825CB2BB700FDF30D /* GPUImage.framework */ = {
			isa = PBXReferenceProxy;
			fileType = wrapper.framework;
			path = GPUImage.framework;
			remoteRef = 22957A6725CB2BB700FDF30D /* PBXContainerItemProxy */;
			sourceTree = BUILT_PRODUCTS_DIR;
		};
/* End PBXReferenceProxy section */

/* Begin PBXResourcesBuildPhase section */
		00E356EC1AD99517003FC87E /* Resources */ = {
			isa = PBXResourcesBuildPhase;
			buildActionMask = 2147483647;
			files = (
			);
			runOnlyForDeploymentPostprocessing = 0;
		};
		13B07F8E1A680F5B00A75B9A /* Resources */ = {
			isa = PBXResourcesBuildPhase;
			buildActionMask = 2147483647;
			files = (
				13B07FBF1A68108700A75B9A /* Images.xcassets in Resources */,
				13B07FBD1A68108700A75B9A /* LaunchScreen.xib in Resources */,
				1DF41BD220E653B200CE69E4 /* GoogleService-Info.plist in Resources */,
				22047DC325D4940C001D2FB6 /* main.jsbundle in Resources */,
			);
			runOnlyForDeploymentPostprocessing = 0;
		};
/* End PBXResourcesBuildPhase section */

/* Begin PBXShellScriptBuildPhase section */
		00DD1BFF1BD5951E006B06BC /* Bundle React Native code and images */ = {
			isa = PBXShellScriptBuildPhase;
			buildActionMask = 2147483647;
			files = (
			);
			inputPaths = (
			);
			name = "Bundle React Native code and images";
			outputPaths = (
			);
			runOnlyForDeploymentPostprocessing = 0;
			shellPath = /bin/sh;
			shellScript = "export NODE_BINARY=node\n../node_modules/react-native/scripts/react-native-xcode.sh\n";
		};
		4F473BC08E49C2C8F96E6D81 /* [CP] Copy Pods Resources */ = {
			isa = PBXShellScriptBuildPhase;
			buildActionMask = 2147483647;
			files = (
			);
			inputPaths = (
				"${PODS_ROOT}/Target Support Files/Pods-tenancytracker-tenancytrackerTests/Pods-tenancytracker-tenancytrackerTests-resources.sh",
				"${PODS_CONFIGURATION_BUILD_DIR}/React-Core/AccessibilityResources.bundle",
			);
			name = "[CP] Copy Pods Resources";
			outputPaths = (
				"${TARGET_BUILD_DIR}/${UNLOCALIZED_RESOURCES_FOLDER_PATH}/AccessibilityResources.bundle",
			);
			runOnlyForDeploymentPostprocessing = 0;
			shellPath = /bin/sh;
			shellScript = "\"${PODS_ROOT}/Target Support Files/Pods-tenancytracker-tenancytrackerTests/Pods-tenancytracker-tenancytrackerTests-resources.sh\"\n";
			showEnvVarsInLog = 0;
		};
		6ACBA42E3570FEB756059045 /* [CP] Copy Pods Resources */ = {
			isa = PBXShellScriptBuildPhase;
			buildActionMask = 2147483647;
			files = (
			);
			inputPaths = (
				"${PODS_ROOT}/Target Support Files/Pods-tenancytracker/Pods-tenancytracker-resources.sh",
				"${PODS_CONFIGURATION_BUILD_DIR}/React-Core/AccessibilityResources.bundle",
			);
			name = "[CP] Copy Pods Resources";
			outputPaths = (
				"${TARGET_BUILD_DIR}/${UNLOCALIZED_RESOURCES_FOLDER_PATH}/AccessibilityResources.bundle",
			);
			runOnlyForDeploymentPostprocessing = 0;
			shellPath = /bin/sh;
			shellScript = "\"${PODS_ROOT}/Target Support Files/Pods-tenancytracker/Pods-tenancytracker-resources.sh\"\n";
			showEnvVarsInLog = 0;
		};
		C383A1A752A4DA36E2580B41 /* [CP] Check Pods Manifest.lock */ = {
			isa = PBXShellScriptBuildPhase;
			buildActionMask = 2147483647;
			files = (
			);
			inputFileListPaths = (
			);
			inputPaths = (
				"${PODS_PODFILE_DIR_PATH}/Podfile.lock",
				"${PODS_ROOT}/Manifest.lock",
			);
			name = "[CP] Check Pods Manifest.lock";
			outputFileListPaths = (
			);
			outputPaths = (
				"$(DERIVED_FILE_DIR)/Pods-tenancytracker-checkManifestLockResult.txt",
			);
			runOnlyForDeploymentPostprocessing = 0;
			shellPath = /bin/sh;
			shellScript = "diff \"${PODS_PODFILE_DIR_PATH}/Podfile.lock\" \"${PODS_ROOT}/Manifest.lock\" > /dev/null\nif [ $? != 0 ] ; then\n    # print error to STDERR\n    echo \"error: The sandbox is not in sync with the Podfile.lock. Run 'pod install' or update your CocoaPods installation.\" >&2\n    exit 1\nfi\n# This output is used by Xcode 'outputs' to avoid re-running this script phase.\necho \"SUCCESS\" > \"${SCRIPT_OUTPUT_FILE_0}\"\n";
			showEnvVarsInLog = 0;
		};
		D5234D144603B3564179D447 /* [CP] Check Pods Manifest.lock */ = {
			isa = PBXShellScriptBuildPhase;
			buildActionMask = 2147483647;
			files = (
			);
			inputFileListPaths = (
			);
			inputPaths = (
				"${PODS_PODFILE_DIR_PATH}/Podfile.lock",
				"${PODS_ROOT}/Manifest.lock",
			);
			name = "[CP] Check Pods Manifest.lock";
			outputFileListPaths = (
			);
			outputPaths = (
				"$(DERIVED_FILE_DIR)/Pods-tenancytracker-tenancytrackerTests-checkManifestLockResult.txt",
			);
			runOnlyForDeploymentPostprocessing = 0;
			shellPath = /bin/sh;
			shellScript = "diff \"${PODS_PODFILE_DIR_PATH}/Podfile.lock\" \"${PODS_ROOT}/Manifest.lock\" > /dev/null\nif [ $? != 0 ] ; then\n    # print error to STDERR\n    echo \"error: The sandbox is not in sync with the Podfile.lock. Run 'pod install' or update your CocoaPods installation.\" >&2\n    exit 1\nfi\n# This output is used by Xcode 'outputs' to avoid re-running this script phase.\necho \"SUCCESS\" > \"${SCRIPT_OUTPUT_FILE_0}\"\n";
			showEnvVarsInLog = 0;
		};
/* End PBXShellScriptBuildPhase section */

/* Begin PBXSourcesBuildPhase section */
		00E356EA1AD99517003FC87E /* Sources */ = {
			isa = PBXSourcesBuildPhase;
			buildActionMask = 2147483647;
			files = (
				00E356F31AD99517003FC87E /* tenancytrackerTests.m in Sources */,
			);
			runOnlyForDeploymentPostprocessing = 0;
		};
		13B07F871A680F5B00A75B9A /* Sources */ = {
			isa = PBXSourcesBuildPhase;
			buildActionMask = 2147483647;
			files = (
				22957A3B25CB2B0100FDF30D /* VideoProcessingGPUFilters.swift in Sources */,
				22957A5C25CB2B8700FDF30D /* ICGRulerView.m in Sources */,
				13B07FBC1A68108700A75B9A /* AppDelegate.m in Sources */,
				2250584825C8B0C800451990 /* File.swift in Sources */,
				22957A3925CB2B0100FDF30D /* RNVideoProcessingManager.swift in Sources */,
				22957A4F25CB2B7200FDF30D /* RNTrimmerViewBridge.m in Sources */,
				22957A3A25CB2B0100FDF30D /* RNVideoProcessingBridge.m in Sources */,
				22957A4425CB2B5700FDF30D /* RNVideoTrimmerBridge.m in Sources */,
				22957A5125CB2B7200FDF30D /* RNTrimmerView.swift in Sources */,
				22957A5B25CB2B8700FDF30D /* ICGVideoTrimmerView.m in Sources */,
				22957A5D25CB2B8700FDF30D /* ICGThumbView.m in Sources */,
				22957A4725CB2B5700FDF30D /* AVUtilities.swift in Sources */,
				22957A4625CB2B5700FDF30D /* RNVideoTrimmer.swift in Sources */,
				22957A3825CB2B0100FDF30D /* RNVideoPlayer.swift in Sources */,
				22957A5025CB2B7200FDF30D /* RNTrimmerViewManager.swift in Sources */,
				22957A4525CB2B5700FDF30D /* SDAVAssetExportSession.m in Sources */,
				13B07FC11A68108700A75B9A /* main.m in Sources */,
			);
			runOnlyForDeploymentPostprocessing = 0;
		};
/* End PBXSourcesBuildPhase section */

/* Begin PBXTargetDependency section */
		00E356F51AD99517003FC87E /* PBXTargetDependency */ = {
			isa = PBXTargetDependency;
			target = 13B07F861A680F5B00A75B9A /* tenancytracker */;
			targetProxy = 00E356F41AD99517003FC87E /* PBXContainerItemProxy */;
		};
/* End PBXTargetDependency section */

/* Begin PBXVariantGroup section */
		13B07FB11A68108700A75B9A /* LaunchScreen.xib */ = {
			isa = PBXVariantGroup;
			children = (
				13B07FB21A68108700A75B9A /* Base */,
			);
			name = LaunchScreen.xib;
			path = tenancytracker;
			sourceTree = "<group>";
		};
/* End PBXVariantGroup section */

/* Begin XCBuildConfiguration section */
		00E356F61AD99517003FC87E /* Debug */ = {
			isa = XCBuildConfiguration;
			baseConfigurationReference = 68E79A0639E3DFBD178C6A69 /* Pods-tenancytracker-tenancytrackerTests.debug.xcconfig */;
			buildSettings = {
				ALWAYS_EMBED_SWIFT_STANDARD_LIBRARIES = YES;
				BUNDLE_LOADER = "$(TEST_HOST)";
				CODE_SIGN_IDENTITY = "iPhone Developer";
				CODE_SIGN_STYLE = Automatic;
				DEVELOPMENT_TEAM = 464TPJPD6B;
				GCC_PREPROCESSOR_DEFINITIONS = (
					"DEBUG=1",
					"$(inherited)",
				);
				HEADER_SEARCH_PATHS = (
					"$(inherited)",
					"$(SRCROOT)/../node_modules/react-native-video/ios",
					"$(SRCROOT)/../node_modules/react-native-fs/**",
				);
				INFOPLIST_FILE = tenancytrackerTests/Info.plist;
				IPHONEOS_DEPLOYMENT_TARGET = 10.0;
				LD_RUNPATH_SEARCH_PATHS = "$(inherited) @executable_path/Frameworks @loader_path/Frameworks";
				LIBRARY_SEARCH_PATHS = "$(inherited)";
				OTHER_LDFLAGS = (
					"-ObjC",
					"-lc++",
				);
				PRODUCT_NAME = "$(TARGET_NAME)";
				PROVISIONING_PROFILE_SPECIFIER = "";
				TEST_HOST = "$(BUILT_PRODUCTS_DIR)/tenancytracker.app/tenancytracker";
			};
			name = Debug;
		};
		00E356F71AD99517003FC87E /* Release */ = {
			isa = XCBuildConfiguration;
			baseConfigurationReference = 65264BEDFB67EE9DBDC3E939 /* Pods-tenancytracker-tenancytrackerTests.release.xcconfig */;
			buildSettings = {
				ALWAYS_EMBED_SWIFT_STANDARD_LIBRARIES = YES;
				BUNDLE_LOADER = "$(TEST_HOST)";
				CODE_SIGN_IDENTITY = "iPhone Developer";
				CODE_SIGN_STYLE = Automatic;
				COPY_PHASE_STRIP = NO;
				DEVELOPMENT_TEAM = 464TPJPD6B;
				HEADER_SEARCH_PATHS = (
					"$(inherited)",
					"$(SRCROOT)/../node_modules/react-native-video/ios",
					"$(SRCROOT)/../node_modules/react-native-fs/**",
				);
				INFOPLIST_FILE = tenancytrackerTests/Info.plist;
				IPHONEOS_DEPLOYMENT_TARGET = 10.0;
				LD_RUNPATH_SEARCH_PATHS = "$(inherited) @executable_path/Frameworks @loader_path/Frameworks";
				LIBRARY_SEARCH_PATHS = "$(inherited)";
				OTHER_LDFLAGS = (
					"-ObjC",
					"-lc++",
				);
				PRODUCT_NAME = "$(TARGET_NAME)";
				PROVISIONING_PROFILE_SPECIFIER = "";
				TEST_HOST = "$(BUILT_PRODUCTS_DIR)/tenancytracker.app/tenancytracker";
			};
			name = Release;
		};
		13B07F941A680F5B00A75B9A /* Debug */ = {
			isa = XCBuildConfiguration;
			baseConfigurationReference = F00592F43870AC06D624322A /* Pods-tenancytracker.debug.xcconfig */;
			buildSettings = {
				ASSETCATALOG_COMPILER_APPICON_NAME = AppIcon;
				CLANG_ENABLE_MODULES = YES;
				CLANG_WARN_BLOCK_CAPTURE_AUTORELEASING = YES;
				CLANG_WARN_INFINITE_RECURSION = YES;
				CLANG_WARN_NON_LITERAL_NULL_CONVERSION = YES;
				CLANG_WARN_OBJC_IMPLICIT_RETAIN_SELF = YES;
				CODE_SIGN_ENTITLEMENTS = tenancytracker/tenancytracker.entitlements;
				CODE_SIGN_IDENTITY = "Apple Development";
				CODE_SIGN_STYLE = Automatic;
				CURRENT_PROJECT_VERSION = 6;
				DEAD_CODE_STRIPPING = YES;
				DEVELOPMENT_TEAM = "";
				ENABLE_BITCODE = NO;
				ENABLE_NS_ASSERTIONS = YES;
				ENABLE_TESTABILITY = YES;
				GCC_NO_COMMON_BLOCKS = YES;
				GCC_PREPROCESSOR_DEFINITIONS = (
					"$(inherited)",
					"COCOAPODS=1",
					"FB_SONARKIT_ENABLED=1",
				);
				HEADER_SEARCH_PATHS = (
					"$(inherited)",
					"$(SRCROOT)/../react-native/React/**",
					"$(SRCROOT)/../../React/**",
					"$(SRCROOT)/../node_modules/react-native-video/ios",
					"$(SRCROOT)/../node_modules/react-native/React/**",
					"\"${PODS_ROOT}/Headers/Public/Flipper\"",
					"\"${PODS_ROOT}/Headers/Public/Flipper-DoubleConversion\"",
					"\"${PODS_ROOT}/Headers/Public/Flipper-Folly\"",
					"\"${PODS_ROOT}/Headers/Public/Flipper-Glog\"",
					"\"${PODS_ROOT}/Headers/Public/Flipper-PeerTalk\"",
					"\"${PODS_ROOT}/Headers/Public/Flipper-RSocket\"",
					"\"${PODS_ROOT}/Headers/Public/FlipperKit\"",
				);
				INFOPLIST_FILE = tenancytracker/Info.plist;
				IPHONEOS_DEPLOYMENT_TARGET = 10.0;
				LD_RUNPATH_SEARCH_PATHS = "$(inherited) @executable_path/Frameworks";
				LIBRARY_SEARCH_PATHS = (
					"$(inherited)",
					"\"${PODS_CONFIGURATION_BUILD_DIR}/Flipper\"",
					"\"${PODS_CONFIGURATION_BUILD_DIR}/Flipper-DoubleConversion\"",
					"\"${PODS_CONFIGURATION_BUILD_DIR}/Flipper-Folly\"",
					"\"${PODS_CONFIGURATION_BUILD_DIR}/Flipper-Glog\"",
					"\"${PODS_CONFIGURATION_BUILD_DIR}/Flipper-PeerTalk\"",
					"\"${PODS_CONFIGURATION_BUILD_DIR}/Flipper-RSocket\"",
					"\"${PODS_CONFIGURATION_BUILD_DIR}/FlipperKit\"",
					"\"${PODS_ROOT}/CocoaLibEvent/lib\"",
					"\"${PODS_ROOT}/OpenSSL-Universal/ios/lib\"",
				);
				OTHER_LDFLAGS = (
					"$(inherited)",
					"-ObjC",
					"-lc++",
				);
				PRODUCT_BUNDLE_IDENTIFIER = com.foxtons.tenancytracker;
				PRODUCT_NAME = tenancytracker;
				PROVISIONING_PROFILE = "";
				PROVISIONING_PROFILE_SPECIFIER = "";
				SWIFT_OBJC_BRIDGING_HEADER = "tenancytracker-Bridging-Header.h";
				SWIFT_OPTIMIZATION_LEVEL = "-Onone";
				SWIFT_REFLECTION_METADATA_LEVEL = none;
				SWIFT_VERSION = 5.0;
				VERSIONING_SYSTEM = "apple-generic";
			};
			name = Debug;
		};
		13B07F951A680F5B00A75B9A /* Release */ = {
			isa = XCBuildConfiguration;
			baseConfigurationReference = E1ABAF8C6C21EDB2E2FBA274 /* Pods-tenancytracker.release.xcconfig */;
			buildSettings = {
				ASSETCATALOG_COMPILER_APPICON_NAME = AppIcon;
				CLANG_ENABLE_MODULES = YES;
				CLANG_WARN_BLOCK_CAPTURE_AUTORELEASING = YES;
				CLANG_WARN_INFINITE_RECURSION = YES;
				CLANG_WARN_NON_LITERAL_NULL_CONVERSION = YES;
				CLANG_WARN_OBJC_IMPLICIT_RETAIN_SELF = YES;
				CODE_SIGN_ENTITLEMENTS = tenancytracker/tenancytracker.entitlements;
				CODE_SIGN_IDENTITY = "Apple Development";
				CODE_SIGN_STYLE = Automatic;
				CURRENT_PROJECT_VERSION = 6;
				DEVELOPMENT_TEAM = "";
				ENABLE_BITCODE = NO;
				ENABLE_NS_ASSERTIONS = NO;
				GCC_NO_COMMON_BLOCKS = YES;
				GCC_PREPROCESSOR_DEFINITIONS = (
					"$(inherited)",
					"COCOAPODS=1",
				);
				HEADER_SEARCH_PATHS = (
					"$(inherited)",
					"$(SRCROOT)/../react-native/React/**",
					"$(SRCROOT)/../../React/**",
					"$(SRCROOT)/../node_modules/react-native-video/ios",
					"$(SRCROOT)/../node_modules/react-native/React/**",
					"\"${PODS_ROOT}/Headers/Public/Flipper\"",
					"\"${PODS_ROOT}/Headers/Public/Flipper-DoubleConversion\"",
					"\"${PODS_ROOT}/Headers/Public/Flipper-Folly\"",
					"\"${PODS_ROOT}/Headers/Public/Flipper-Glog\"",
					"\"${PODS_ROOT}/Headers/Public/Flipper-PeerTalk\"",
					"\"${PODS_ROOT}/Headers/Public/Flipper-RSocket\"",
					"\"${PODS_ROOT}/Headers/Public/FlipperKit\"",
				);
				INFOPLIST_FILE = tenancytracker/Info.plist;
				IPHONEOS_DEPLOYMENT_TARGET = 10.0;
				LD_RUNPATH_SEARCH_PATHS = "$(inherited) @executable_path/Frameworks";
				LIBRARY_SEARCH_PATHS = (
					"$(inherited)",
					"\"${PODS_CONFIGURATION_BUILD_DIR}/Flipper\"",
					"\"${PODS_CONFIGURATION_BUILD_DIR}/Flipper-DoubleConversion\"",
					"\"${PODS_CONFIGURATION_BUILD_DIR}/Flipper-Folly\"",
					"\"${PODS_CONFIGURATION_BUILD_DIR}/Flipper-Glog\"",
					"\"${PODS_CONFIGURATION_BUILD_DIR}/Flipper-PeerTalk\"",
					"\"${PODS_CONFIGURATION_BUILD_DIR}/Flipper-RSocket\"",
					"\"${PODS_CONFIGURATION_BUILD_DIR}/FlipperKit\"",
					"\"${PODS_ROOT}/CocoaLibEvent/lib\"",
					"\"${PODS_ROOT}/OpenSSL-Universal/ios/lib\"",
				);
				OTHER_LDFLAGS = (
					"$(inherited)",
					"-ObjC",
					"-lc++",
				);
				PRODUCT_BUNDLE_IDENTIFIER = com.foxtons.tenancytracker;
				PRODUCT_NAME = tenancytracker;
				PROVISIONING_PROFILE = "";
				PROVISIONING_PROFILE_SPECIFIER = "";
				SWIFT_OBJC_BRIDGING_HEADER = "tenancytracker-Bridging-Header.h";
				SWIFT_REFLECTION_METADATA_LEVEL = none;
				SWIFT_VERSION = 5.0;
				VERSIONING_SYSTEM = "apple-generic";
			};
			name = Release;
		};
		83CBBA201A601CBA00E9B192 /* Debug */ = {
			isa = XCBuildConfiguration;
			buildSettings = {
				ALWAYS_EMBED_SWIFT_STANDARD_LIBRARIES = YES;
				ALWAYS_SEARCH_USER_PATHS = NO;
				CLANG_CXX_LANGUAGE_STANDARD = "gnu++0x";
				CLANG_CXX_LIBRARY = "libc++";
				CLANG_ENABLE_MODULES = YES;
				CLANG_ENABLE_OBJC_ARC = YES;
				CLANG_WARN_BOOL_CONVERSION = YES;
				CLANG_WARN_CONSTANT_CONVERSION = YES;
				CLANG_WARN_DIRECT_OBJC_ISA_USAGE = YES_ERROR;
				CLANG_WARN_EMPTY_BODY = YES;
				CLANG_WARN_ENUM_CONVERSION = YES;
				CLANG_WARN_INT_CONVERSION = YES;
				CLANG_WARN_OBJC_ROOT_CLASS = YES_ERROR;
				CLANG_WARN_UNREACHABLE_CODE = YES;
				CLANG_WARN__DUPLICATE_METHOD_MATCH = YES;
				"CODE_SIGN_IDENTITY[sdk=iphoneos*]" = "iPhone Developer";
				COPY_PHASE_STRIP = NO;
				ENABLE_STRICT_OBJC_MSGSEND = YES;
				ENABLE_TESTABILITY = YES;
				GCC_C_LANGUAGE_STANDARD = gnu99;
				GCC_DYNAMIC_NO_PIC = NO;
				GCC_OPTIMIZATION_LEVEL = 0;
				GCC_PREPROCESSOR_DEFINITIONS = (
					"DEBUG=1",
					"$(inherited)",
					"FB_SONARKIT_ENABLED=1",
					"COCOAPODS=1",
				);
				GCC_SYMBOLS_PRIVATE_EXTERN = NO;
				GCC_WARN_64_TO_32_BIT_CONVERSION = YES;
				GCC_WARN_ABOUT_RETURN_TYPE = YES_ERROR;
				GCC_WARN_UNDECLARED_SELECTOR = YES;
				GCC_WARN_UNINITIALIZED_AUTOS = YES_AGGRESSIVE;
				GCC_WARN_UNUSED_FUNCTION = YES;
				GCC_WARN_UNUSED_VARIABLE = YES;
				IPHONEOS_DEPLOYMENT_TARGET = 10.0;
				LD_RUNPATH_SEARCH_PATHS = "/usr/lib/swift $(inherited)";
				LIBRARY_SEARCH_PATHS = (
					"$(TOOLCHAIN_DIR)/usr/lib/swift/$(PLATFORM_NAME)",
					"$(TOOLCHAIN_DIR)/usr/lib/swift-5.0/$(PLATFORM_NAME)",
					"$(inherited)",
				);
				MTL_ENABLE_DEBUG_INFO = YES;
				ONLY_ACTIVE_ARCH = YES;
				SDKROOT = iphoneos;
			};
			name = Debug;
		};
		83CBBA211A601CBA00E9B192 /* Release */ = {
			isa = XCBuildConfiguration;
			buildSettings = {
				ALWAYS_EMBED_SWIFT_STANDARD_LIBRARIES = YES;
				ALWAYS_SEARCH_USER_PATHS = NO;
				CLANG_CXX_LANGUAGE_STANDARD = "gnu++0x";
				CLANG_CXX_LIBRARY = "libc++";
				CLANG_ENABLE_MODULES = YES;
				CLANG_ENABLE_OBJC_ARC = YES;
				CLANG_WARN_BOOL_CONVERSION = YES;
				CLANG_WARN_CONSTANT_CONVERSION = YES;
				CLANG_WARN_DIRECT_OBJC_ISA_USAGE = YES_ERROR;
				CLANG_WARN_EMPTY_BODY = YES;
				CLANG_WARN_ENUM_CONVERSION = YES;
				CLANG_WARN_INT_CONVERSION = YES;
				CLANG_WARN_OBJC_ROOT_CLASS = YES_ERROR;
				CLANG_WARN_UNREACHABLE_CODE = YES;
				CLANG_WARN__DUPLICATE_METHOD_MATCH = YES;
				"CODE_SIGN_IDENTITY[sdk=iphoneos*]" = "iPhone Developer";
				COPY_PHASE_STRIP = YES;
				ENABLE_NS_ASSERTIONS = NO;
				ENABLE_STRICT_OBJC_MSGSEND = YES;
				GCC_C_LANGUAGE_STANDARD = gnu99;
				GCC_PREPROCESSOR_DEFINITIONS = (
					"$(inherited)",
					"COCOAPODS=1",
				);
				GCC_WARN_64_TO_32_BIT_CONVERSION = YES;
				GCC_WARN_ABOUT_RETURN_TYPE = YES_ERROR;
				GCC_WARN_UNDECLARED_SELECTOR = YES;
				GCC_WARN_UNINITIALIZED_AUTOS = YES_AGGRESSIVE;
				GCC_WARN_UNUSED_FUNCTION = YES;
				GCC_WARN_UNUSED_VARIABLE = YES;
				IPHONEOS_DEPLOYMENT_TARGET = 10.0;
				LD_RUNPATH_SEARCH_PATHS = "/usr/lib/swift $(inherited)";
				LIBRARY_SEARCH_PATHS = (
					"$(TOOLCHAIN_DIR)/usr/lib/swift/$(PLATFORM_NAME)",
					"$(TOOLCHAIN_DIR)/usr/lib/swift-5.0/$(PLATFORM_NAME)",
					"$(inherited)",
				);
				MTL_ENABLE_DEBUG_INFO = NO;
				SDKROOT = iphoneos;
				VALIDATE_PRODUCT = YES;
			};
			name = Release;
		};
/* End XCBuildConfiguration section */

/* Begin XCConfigurationList section */
		00E357021AD99517003FC87E /* Build configuration list for PBXNativeTarget "tenancytrackerTests" */ = {
			isa = XCConfigurationList;
			buildConfigurations = (
				00E356F61AD99517003FC87E /* Debug */,
				00E356F71AD99517003FC87E /* Release */,
			);
			defaultConfigurationIsVisible = 0;
			defaultConfigurationName = Release;
		};
		13B07F931A680F5B00A75B9A /* Build configuration list for PBXNativeTarget "tenancytracker" */ = {
			isa = XCConfigurationList;
			buildConfigurations = (
				13B07F941A680F5B00A75B9A /* Debug */,
				13B07F951A680F5B00A75B9A /* Release */,
			);
			defaultConfigurationIsVisible = 0;
			defaultConfigurationName = Release;
		};
		83CBB9FA1A601CBA00E9B192 /* Build configuration list for PBXProject "TenancyTracker" */ = {
			isa = XCConfigurationList;
			buildConfigurations = (
				83CBBA201A601CBA00E9B192 /* Debug */,
				83CBBA211A601CBA00E9B192 /* Release */,
			);
			defaultConfigurationIsVisible = 0;
			defaultConfigurationName = Release;
		};
/* End XCConfigurationList section */
	};
	rootObject = 83CBB9F71A601CBA00E9B192 /* Project object */;
}
